
Microsoft Visual Studio Solution File, Format Version 12.00
# Visual Studio Version 17
VisualStudioVersion = 17.2.32616.157
MinimumVisualStudioVersion = 10.0.40219.1
Project("{FAE04EC0-301F-11D3-BF4B-00C04F79EFBC}") = "ArraySorter", "ArraySorter\ArraySorter.csproj", "{BC60ADD6-936B-4AF7-8003-1B810699A81D}"
EndProject
Project("{FAE04EC0-301F-11D3-BF4B-00C04F79EFBC}") = "BubbleSorter", "BubbleSorter\BubbleSorter.csproj", "{E528BE19-DBDC-469F-86C1-B96B07EF1091}"
EndProject
Project("{FAE04EC0-301F-11D3-BF4B-00C04F79EFBC}") = "CommonInterfaces", "CommonInterfaces\CommonInterfaces.csproj", "{96D55E99-EE3E-4F3B-9A6C-45868949BD1A}"
EndProject
Project("{FAE04EC0-301F-11D3-BF4B-00C04F79EFBC}") = "InsertSorter", "InsertSorter\InsertSorter.csproj", "{24E1A175-D498-4E63-95D0-59CDC937A8C3}"
EndProject
Project("{FAE04EC0-301F-11D3-BF4B-00C04F79EFBC}") = "RowRoute", "RowRoute\RowRoute.csproj", "{F3A6AB1C-5D5A-489E-AD61-36081188EDBF}"
EndProject
Project("{FAE04EC0-301F-11D3-BF4B-00C04F79EFBC}") = "SnakeRoute", "SnakeRoute\SnakeRoute.csproj", "{9CD67A68-7215-43A3-A3F9-FD55BDEF0477}"
EndProject
Project("{FAE04EC0-301F-11D3-BF4B-00C04F79EFBC}") = "SpiralRoute", "SpiralRoute\SpiralRoute.csproj", "{BA7685A5-BB4F-4239-A084-C63D23EB70C7}"
EndProject
Global
	GlobalSection(SolutionConfigurationPlatforms) = preSolution
		Debug|Any CPU = Debug|Any CPU
		Release|Any CPU = Release|Any CPU
	EndGlobalSection
	GlobalSection(ProjectConfigurationPlatforms) = postSolution
		{BC60ADD6-936B-4AF7-8003-1B810699A81D}.Debug|Any CPU.ActiveCfg = Debug|Any CPU
		{BC60ADD6-936B-4AF7-8003-1B810699A81D}.Debug|Any CPU.Build.0 = Debug|Any CPU
		{BC60ADD6-936B-4AF7-8003-1B810699A81D}.Release|Any CPU.ActiveCfg = Release|Any CPU
		{BC60ADD6-936B-4AF7-8003-1B810699A81D}.Release|Any CPU.Build.0 = Release|Any CPU
		{E528BE19-DBDC-469F-86C1-B96B07EF1091}.Debug|Any CPU.ActiveCfg = Debug|Any CPU
		{E528BE19-DBDC-469F-86C1-B96B07EF1091}.Debug|Any CPU.Build.0 = Debug|Any CPU
		{E528BE19-DBDC-469F-86C1-B96B07EF1091}.Release|Any CPU.ActiveCfg = Release|Any CPU
		{E528BE19-DBDC-469F-86C1-B96B07EF1091}.Release|Any CPU.Build.0 = Release|Any CPU
		{96D55E99-EE3E-4F3B-9A6C-45868949BD1A}.Debug|Any CPU.ActiveCfg = Debug|Any CPU
		{96D55E99-EE3E-4F3B-9A6C-45868949BD1A}.Debug|Any CPU.Build.0 = Debug|Any CPU
		{96D55E99-EE3E-4F3B-9A6C-45868949BD1A}.Release|Any CPU.ActiveCfg = Release|Any CPU
		{96D55E99-EE3E-4F3B-9A6C-45868949BD1A}.Release|Any CPU.Build.0 = Release|Any CPU
		{24E1A175-D498-4E63-95D0-59CDC937A8C3}.Debug|Any CPU.ActiveCfg = Debug|Any CPU
		{24E1A175-D498-4E63-95D0-59CDC937A8C3}.Debug|Any CPU.Build.0 = Debug|Any CPU
		{24E1A175-D498-4E63-95D0-59CDC937A8C3}.Release|Any CPU.ActiveCfg = Release|Any CPU
		{24E1A175-D498-4E63-95D0-59CDC937A8C3}.Release|Any CPU.Build.0 = Release|Any CPU
		{F3A6AB1C-5D5A-489E-AD61-36081188EDBF}.Debug|Any CPU.ActiveCfg = Debug|Any CPU
		{F3A6AB1C-5D5A-489E-AD61-36081188EDBF}.Debug|Any CPU.Build.0 = Debug|Any CPU
		{F3A6AB1C-5D5A-489E-AD61-36081188EDBF}.Release|Any CPU.ActiveCfg = Release|Any CPU
		{F3A6AB1C-5D5A-489E-AD61-36081188EDBF}.Release|Any CPU.Build.0 = Release|Any CPU
		{9CD67A68-7215-43A3-A3F9-FD55BDEF0477}.Debug|Any CPU.ActiveCfg = Debug|Any CPU
		{9CD67A68-7215-43A3-A3F9-FD55BDEF0477}.Debug|Any CPU.Build.0 = Debug|Any CPU
		{9CD67A68-7215-43A3-A3F9-FD55BDEF0477}.Release|Any CPU.ActiveCfg = Release|Any CPU
		{9CD67A68-7215-43A3-A3F9-FD55BDEF0477}.Release|Any CPU.Build.0 = Release|Any CPU
		{BA7685A5-BB4F-4239-A084-C63D23EB70C7}.Debug|Any CPU.ActiveCfg = Debug|Any CPU
		{BA7685A5-BB4F-4239-A084-C63D23EB70C7}.Debug|Any CPU.Build.0 = Debug|Any CPU
		{BA7685A5-BB4F-4239-A084-C63D23EB70C7}.Release|Any CPU.ActiveCfg = Release|Any CPU
		{BA7685A5-BB4F-4239-A084-C63D23EB70C7}.Release|Any CPU.Build.0 = Release|Any CPU
	EndGlobalSection
	GlobalSection(SolutionProperties) = preSolution
		HideSolutionNode = FALSE
	EndGlobalSection
	GlobalSection(ExtensibilityGlobals) = postSolution
		SolutionGuid = {6CB91277-5011-40EB-9278-FDEC62CBDB01}
	EndGlobalSection
EndGlobal
